
Microsoft Visual Studio Solution File, Format Version 12.00
# Visual Studio Version 16
VisualStudioVersion = 16.0.30804.86
MinimumVisualStudioVersion = 10.0.40219.1
Project("{FAE04EC0-301F-11D3-BF4B-00C04F79EFBC}") = "Week2-TimedMathQuiz", "Week2-TimedMathQuiz\Week2-TimedMathQuiz.csproj", "{95A5A5D6-9E07-464A-AA64-572F0D3EBF46}"
EndProject
Global
	GlobalSection(SolutionConfigurationPlatforms) = preSolution
		Debug|Any CPU = Debug|Any CPU
		Release|Any CPU = Release|Any CPU
	EndGlobalSection
	GlobalSection(ProjectConfigurationPlatforms) = postSolution
		{95A5A5D6-9E07-464A-AA64-572F0D3EBF46}.Debug|Any CPU.ActiveCfg = Debug|Any CPU
		{95A5A5D6-9E07-464A-AA64-572F0D3EBF46}.Debug|Any CPU.Build.0 = Debug|Any CPU
		{95A5A5D6-9E07-464A-AA64-572F0D3EBF46}.Release|Any CPU.ActiveCfg = Release|Any CPU
		{95A5A5D6-9E07-464A-AA64-572F0D3EBF46}.Release|Any CPU.Build.0 = Release|Any CPU
	EndGlobalSection
	GlobalSection(SolutionProperties) = preSolution
		HideSolutionNode = FALSE
	EndGlobalSection
	GlobalSection(ExtensibilityGlobals) = postSolution
		SolutionGuid = {BA30DDD4-02A3-463F-8712-0DF5B453E00F}
	EndGlobalSection
EndGlobal
